{
  "name": "client",
  "version": "1.0.0",
  "lockfileVersion": 1,
  "requires": true,
  "dependencies": {
    "@vue/test-utils": {
      "version": "1.0.0-beta.12",
      "resolved": "https://registry.npmjs.org/@vue/test-utils/-/test-utils-1.0.0-beta.12.tgz",
      "integrity": "sha512-457S/w+VuHnh4jw03ingrVAx8jMbxRz+jGGjoTeEFPZzv20GDzPUauQQqDy71EYw6BiNscC0RGOaLvAcS6BZ9Q==",
      "requires": {
        "lodash": "4.17.5"
      }
    },
    "babel-plugin-syntax-object-rest-spread": {
      "version": "6.13.0",
      "resolved": "https://registry.npmjs.org/babel-plugin-syntax-object-rest-spread/-/babel-plugin-syntax-object-rest-spread-6.13.0.tgz",
      "integrity": "sha1-/WU28rzhODb/o6VFjEkDpZe7O/U="
    },
    "babel-plugin-transform-object-rest-spread": {
      "version": "6.26.0",
      "resolved": "https://registry.npmjs.org/babel-plugin-transform-object-rest-spread/-/babel-plugin-transform-object-rest-spread-6.26.0.tgz",
      "integrity": "sha1-DzZpLVD+9rfi1LOsFHgTepY7ewY=",
      "requires": {
        "babel-plugin-syntax-object-rest-spread": "6.13.0",
        "babel-runtime": "6.26.0"
      }
    },
    "babel-runtime": {
      "version": "6.26.0",
      "resolved": "https://registry.npmjs.org/babel-runtime/-/babel-runtime-6.26.0.tgz",
      "integrity": "sha1-llxwWGaOgrVde/4E/yM3vItWR/4=",
      "requires": {
        "core-js": "2.5.3",
        "regenerator-runtime": "0.11.1"
      }
    },
    "core-js": {
      "version": "2.5.3",
      "resolved": "https://registry.npmjs.org/core-js/-/core-js-2.5.3.tgz",
      "integrity": "sha1-isw4NFgk8W2DZbfJtCWRaOjtYD4="
    },
    "lodash": {
      "version": "4.17.5",
      "resolved": "https://registry.npmjs.org/lodash/-/lodash-4.17.5.tgz",
      "integrity": "sha512-svL3uiZf1RwhH+cWrfZn3A4+U58wbP0tGVTLQPbjplZxZ8ROD9VLuNgsRniTlLe7OlSqR79RUehXgpBW/s0IQw=="
    },
    "regenerator-runtime": {
      "version": "0.11.1",
      "resolved": "https://registry.npmjs.org/regenerator-runtime/-/regenerator-runtime-0.11.1.tgz",
      "integrity": "sha512-MguG95oij0fC3QV3URf4V2SDYGJhJnJGqvIIgdECeODCT98wSWDAJ94SSuVpYQUoTcGUIL6L4yNB7j1DFFHSBg=="
    },
    "vee-validate": {
      "version": "2.0.5",
      "resolved": "https://registry.npmjs.org/vee-validate/-/vee-validate-2.0.5.tgz",
      "integrity": "sha512-w2DJ8xsl57F8c4vnF3H0vGOz7VFoQjy/2BtyCIDrlhbJyfi9xyFDz5iajIfgP4qWIsgQVDyskLDAFluicrr/xg==",
      "requires": {
        "@vue/test-utils": "1.0.0-beta.12",
        "babel-plugin-transform-object-rest-spread": "6.26.0"
      }
    },
    "vuetify": {
      "version": "1.0.4",
      "resolved": "https://registry.npmjs.org/vuetify/-/vuetify-1.0.4.tgz",
      "integrity": "sha512-slATVgUhX9u+c7Jzn5NIZIKjiWAZ6ykhw2DMwogm0JfbHRfACVGOsrafHgco0qGDgJm89M9NQB2EVusA7P18kg=="
    }
  }
}
